
Microsoft Visual Studio Solution File, Format Version 12.00
# Visual Studio 15
VisualStudioVersion = 15.0.28307.271
MinimumVisualStudioVersion = 10.0.40219.1
Project("{8BC9CEB8-8B4A-11D0-8D11-00A0C91BC942}") = "Test", "Test\Test.vcxproj", "{38732205-EF96-4B04-B3C2-1F27FF03A793}"
EndProject
Global
	GlobalSection(SolutionConfigurationPlatforms) = preSolution
		Debug|x64 = Debug|x64
		Debug|x86 = Debug|x86
		Release|x64 = Release|x64
		Release|x86 = Release|x86
	EndGlobalSection
	GlobalSection(ProjectConfigurationPlatforms) = postSolution
		{38732205-EF96-4B04-B3C2-1F27FF03A793}.Debug|x64.ActiveCfg = Debug|x64
		{38732205-EF96-4B04-B3C2-1F27FF03A793}.Debug|x64.Build.0 = Debug|x64
		{38732205-EF96-4B04-B3C2-1F27FF03A793}.Debug|x86.ActiveCfg = Debug|Win32
		{38732205-EF96-4B04-B3C2-1F27FF03A793}.Debug|x86.Build.0 = Debug|Win32
		{38732205-EF96-4B04-B3C2-1F27FF03A793}.Release|x64.ActiveCfg = Release|x64
		{38732205-EF96-4B04-B3C2-1F27FF03A793}.Release|x64.Build.0 = Release|x64
		{38732205-EF96-4B04-B3C2-1F27FF03A793}.Release|x86.ActiveCfg = Release|Win32
		{38732205-EF96-4B04-B3C2-1F27FF03A793}.Release|x86.Build.0 = Release|Win32
	EndGlobalSection
	GlobalSection(SolutionProperties) = preSolution
		HideSolutionNode = FALSE
	EndGlobalSection
	GlobalSection(ExtensibilityGlobals) = postSolution
		SolutionGuid = {38A6AF4B-17D3-4200-A1C9-39E5A3C97220}
	EndGlobalSection
EndGlobal
